
Microsoft Visual Studio Solution File, Format Version 12.00
# Visual Studio Version 16
VisualStudioVersion = 16.0.29319.158
MinimumVisualStudioVersion = 10.0.40219.1
Project("{FAE04EC0-301F-11D3-BF4B-00C04F79EFBC}") = "CustomersSalesDetails", "CustomersSalesDetails\CustomersSalesDetails.csproj", "{D166B8BA-DD88-45D6-800E-86A1414D9CE9}"
EndProject
Global
	GlobalSection(SolutionConfigurationPlatforms) = preSolution
		Debug|Any CPU = Debug|Any CPU
		Release|Any CPU = Release|Any CPU
	EndGlobalSection
	GlobalSection(ProjectConfigurationPlatforms) = postSolution
		{D166B8BA-DD88-45D6-800E-86A1414D9CE9}.Debug|Any CPU.ActiveCfg = Debug|Any CPU
		{D166B8BA-DD88-45D6-800E-86A1414D9CE9}.Debug|Any CPU.Build.0 = Debug|Any CPU
		{D166B8BA-DD88-45D6-800E-86A1414D9CE9}.Release|Any CPU.ActiveCfg = Release|Any CPU
		{D166B8BA-DD88-45D6-800E-86A1414D9CE9}.Release|Any CPU.Build.0 = Release|Any CPU
	EndGlobalSection
	GlobalSection(SolutionProperties) = preSolution
		HideSolutionNode = FALSE
	EndGlobalSection
	GlobalSection(ExtensibilityGlobals) = postSolution
		SolutionGuid = {43AF66A7-3B1F-4172-9BBF-9E19106BFDF0}
	EndGlobalSection
EndGlobal
